
Microsoft Visual Studio Solution File, Format Version 12.00
# Visual Studio 2013
VisualStudioVersion = 12.0.21005.1
MinimumVisualStudioVersion = 10.0.40219.1
Project("{F184B08F-C81C-45F6-A57F-5ABD9991F28F}") = "ConsoleApplication", "ConsoleApplication\ConsoleApplication.vbproj", "{8920D3AC-E850-4EEC-A80F-29D60B39C95F}"
EndProject
Project("{FAE04EC0-301F-11D3-BF4B-00C04F79EFBC}") = "ConsoleApplicationCS", "ConsoleApplicationCS\ConsoleApplicationCS.csproj", "{52EDD644-B042-4BAA-915B-7E64BC0668DE}"
EndProject
Global
	GlobalSection(SolutionConfigurationPlatforms) = preSolution
		Debug|Any CPU = Debug|Any CPU
		Release|Any CPU = Release|Any CPU
	EndGlobalSection
	GlobalSection(ProjectConfigurationPlatforms) = postSolution
		{8920D3AC-E850-4EEC-A80F-29D60B39C95F}.Debug|Any CPU.ActiveCfg = Debug|Any CPU
		{8920D3AC-E850-4EEC-A80F-29D60B39C95F}.Debug|Any CPU.Build.0 = Debug|Any CPU
		{8920D3AC-E850-4EEC-A80F-29D60B39C95F}.Release|Any CPU.ActiveCfg = Release|Any CPU
		{8920D3AC-E850-4EEC-A80F-29D60B39C95F}.Release|Any CPU.Build.0 = Release|Any CPU
		{52EDD644-B042-4BAA-915B-7E64BC0668DE}.Debug|Any CPU.ActiveCfg = Debug|Any CPU
		{52EDD644-B042-4BAA-915B-7E64BC0668DE}.Debug|Any CPU.Build.0 = Debug|Any CPU
		{52EDD644-B042-4BAA-915B-7E64BC0668DE}.Release|Any CPU.ActiveCfg = Release|Any CPU
		{52EDD644-B042-4BAA-915B-7E64BC0668DE}.Release|Any CPU.Build.0 = Release|Any CPU
	EndGlobalSection
	GlobalSection(SolutionProperties) = preSolution
		HideSolutionNode = FALSE
	EndGlobalSection
EndGlobal
